
Microsoft Visual Studio Solution File, Format Version 12.00
# Visual Studio Version 17
VisualStudioVersion = 17.3.32922.545
MinimumVisualStudioVersion = 10.0.40219.1
Project("{FAE04EC0-301F-11D3-BF4B-00C04F79EFBC}") = "IT-Company", "IT-Company\IT-Company.csproj", "{4A6CFCBA-7B34-4BC8-84E7-199E6B8FDDFD}"
EndProject
Global
	GlobalSection(SolutionConfigurationPlatforms) = preSolution
		Debug|Any CPU = Debug|Any CPU
		Release|Any CPU = Release|Any CPU
	EndGlobalSection
	GlobalSection(ProjectConfigurationPlatforms) = postSolution
		{4A6CFCBA-7B34-4BC8-84E7-199E6B8FDDFD}.Debug|Any CPU.ActiveCfg = Debug|Any CPU
		{4A6CFCBA-7B34-4BC8-84E7-199E6B8FDDFD}.Debug|Any CPU.Build.0 = Debug|Any CPU
		{4A6CFCBA-7B34-4BC8-84E7-199E6B8FDDFD}.Release|Any CPU.ActiveCfg = Release|Any CPU
		{4A6CFCBA-7B34-4BC8-84E7-199E6B8FDDFD}.Release|Any CPU.Build.0 = Release|Any CPU
	EndGlobalSection
	GlobalSection(SolutionProperties) = preSolution
		HideSolutionNode = FALSE
	EndGlobalSection
	GlobalSection(ExtensibilityGlobals) = postSolution
		SolutionGuid = {119160E9-4B21-4053-AF62-2AFA4BBAD1A1}
	EndGlobalSection
EndGlobal
